// !$*UTF8*$!
{
	archiveVersion = 1;
	classes = {
	};
	objectVersion = 48;
	objects = {

/* Begin PBXBuildFile section */
		975A43D7EE106188D5ABF532 /* Pods_todoey.framework in Frameworks */ = {isa = PBXBuildFile; fileRef = BE0F2E5EB25D0F246EB42C47 /* Pods_todoey.framework */; };
		DC09663920CAC2350030EA1A /* DataModel.xcdatamodeld in Sources */ = {isa = PBXBuildFile; fileRef = DC09663720CAC2350030EA1A /* DataModel.xcdatamodeld */; };
		DCC8722E20FA263A00072F2D /* CategoryViewController.swift in Sources */ = {isa = PBXBuildFile; fileRef = DCC8722D20FA263A00072F2D /* CategoryViewController.swift */; };
		DCE0BAE520BA35EC008604E5 /* AppDelegate.swift in Sources */ = {isa = PBXBuildFile; fileRef = DCE0BAE420BA35EC008604E5 /* AppDelegate.swift */; };
		DCE0BAE720BA35EC008604E5 /* TodoListViewController.swift in Sources */ = {isa = PBXBuildFile; fileRef = DCE0BAE620BA35EC008604E5 /* TodoListViewController.swift */; };
		DCE0BAEA20BA35EC008604E5 /* Main.storyboard in Resources */ = {isa = PBXBuildFile; fileRef = DCE0BAE820BA35EC008604E5 /* Main.storyboard */; };
		DCE0BAEC20BA35EC008604E5 /* Assets.xcassets in Resources */ = {isa = PBXBuildFile; fileRef = DCE0BAEB20BA35EC008604E5 /* Assets.xcassets */; };
		DCE0BAEF20BA35EC008604E5 /* LaunchScreen.storyboard in Resources */ = {isa = PBXBuildFile; fileRef = DCE0BAED20BA35EC008604E5 /* LaunchScreen.storyboard */; };
/* End PBXBuildFile section */

/* Begin PBXFileReference section */
		5B85F91C7CDA88F1C6928CEA /* Pods-todoey.release.xcconfig */ = {isa = PBXFileReference; includeInIndex = 1; lastKnownFileType = text.xcconfig; name = "Pods-todoey.release.xcconfig"; path = "Pods/Target Support Files/Pods-todoey/Pods-todoey.release.xcconfig"; sourceTree = "<group>"; };
		740121A93136A91B6008A1E3 /* Pods-todoey.debug.xcconfig */ = {isa = PBXFileReference; includeInIndex = 1; lastKnownFileType = text.xcconfig; name = "Pods-todoey.debug.xcconfig"; path = "Pods/Target Support Files/Pods-todoey/Pods-todoey.debug.xcconfig"; sourceTree = "<group>"; };
		BE0F2E5EB25D0F246EB42C47 /* Pods_todoey.framework */ = {isa = PBXFileReference; explicitFileType = wrapper.framework; includeInIndex = 0; path = Pods_todoey.framework; sourceTree = BUILT_PRODUCTS_DIR; };
		DC09663820CAC2350030EA1A /* DataModel.xcdatamodel */ = {isa = PBXFileReference; lastKnownFileType = wrapper.xcdatamodel; path = DataModel.xcdatamodel; sourceTree = "<group>"; };
		DCC8722D20FA263A00072F2D /* CategoryViewController.swift */ = {isa = PBXFileReference; lastKnownFileType = sourcecode.swift; path = CategoryViewController.swift; sourceTree = "<group>"; };
		DCE0BAE120BA35EC008604E5 /* todoey.app */ = {isa = PBXFileReference; explicitFileType = wrapper.application; includeInIndex = 0; path = todoey.app; sourceTree = BUILT_PRODUCTS_DIR; };
		DCE0BAE420BA35EC008604E5 /* AppDelegate.swift */ = {isa = PBXFileReference; lastKnownFileType = sourcecode.swift; path = AppDelegate.swift; sourceTree = "<group>"; };
		DCE0BAE620BA35EC008604E5 /* TodoListViewController.swift */ = {isa = PBXFileReference; lastKnownFileType = sourcecode.swift; path = TodoListViewController.swift; sourceTree = "<group>"; };
		DCE0BAE920BA35EC008604E5 /* Base */ = {isa = PBXFileReference; lastKnownFileType = file.storyboard; name = Base; path = Base.lproj/Main.storyboard; sourceTree = "<group>"; };
		DCE0BAEB20BA35EC008604E5 /* Assets.xcassets */ = {isa = PBXFileReference; lastKnownFileType = folder.assetcatalog; path = Assets.xcassets; sourceTree = "<group>"; };
		DCE0BAEE20BA35EC008604E5 /* Base */ = {isa = PBXFileReference; lastKnownFileType = file.storyboard; name = Base; path = Base.lproj/LaunchScreen.storyboard; sourceTree = "<group>"; };
		DCE0BAF020BA35EC008604E5 /* Info.plist */ = {isa = PBXFileReference; lastKnownFileType = text.plist.xml; path = Info.plist; sourceTree = "<group>"; };
/* End PBXFileReference section */

/* Begin PBXFrameworksBuildPhase section */
		DCE0BADE20BA35EC008604E5 /* Frameworks */ = {
			isa = PBXFrameworksBuildPhase;
			buildActionMask = 2147483647;
			files = (
				975A43D7EE106188D5ABF532 /* Pods_todoey.framework in Frameworks */,
			);
			runOnlyForDeploymentPostprocessing = 0;
		};
/* End PBXFrameworksBuildPhase section */

/* Begin PBXGroup section */
		72372EEE95924C40C56CDE89 /* Pods */ = {
			isa = PBXGroup;
			children = (
				740121A93136A91B6008A1E3 /* Pods-todoey.debug.xcconfig */,
				5B85F91C7CDA88F1C6928CEA /* Pods-todoey.release.xcconfig */,
			);
			name = Pods;
			sourceTree = "<group>";
		};
		CA7DCC61E202F199DDBBAADB /* Frameworks */ = {
			isa = PBXGroup;
			children = (
				BE0F2E5EB25D0F246EB42C47 /* Pods_todoey.framework */,
			);
			name = Frameworks;
			sourceTree = "<group>";
		};
		DCBB358420BCD42C00ECA4F7 /* Data Model */ = {
			isa = PBXGroup;
			children = (
				DC09663720CAC2350030EA1A /* DataModel.xcdatamodeld */,
			);
			path = "Data Model";
			sourceTree = "<group>";
		};
		DCBB358520BCD45300ECA4F7 /* Controllers */ = {
			isa = PBXGroup;
			children = (
				DCC8722D20FA263A00072F2D /* CategoryViewController.swift */,
				DCE0BAE620BA35EC008604E5 /* TodoListViewController.swift */,
			);
			path = Controllers;
			sourceTree = "<group>";
		};
		DCBB358620BCD4AD00ECA4F7 /* Views */ = {
			isa = PBXGroup;
			children = (
				DCE0BAE820BA35EC008604E5 /* Main.storyboard */,
			);
			path = Views;
			sourceTree = "<group>";
		};
		DCBB358720BCD4D600ECA4F7 /* Supporting Files */ = {
			isa = PBXGroup;
			children = (
				DCE0BAEB20BA35EC008604E5 /* Assets.xcassets */,
				DCE0BAED20BA35EC008604E5 /* LaunchScreen.storyboard */,
			);
			path = "Supporting Files";
			sourceTree = "<group>";
		};
		DCE0BAD820BA35EC008604E5 = {
			isa = PBXGroup;
			children = (
				DCE0BAE320BA35EC008604E5 /* todoey */,
				DCE0BAE220BA35EC008604E5 /* Products */,
				72372EEE95924C40C56CDE89 /* Pods */,
				CA7DCC61E202F199DDBBAADB /* Frameworks */,
			);
			sourceTree = "<group>";
		};
		DCE0BAE220BA35EC008604E5 /* Products */ = {
			isa = PBXGroup;
			children = (
				DCE0BAE120BA35EC008604E5 /* todoey.app */,
			);
			name = Products;
			sourceTree = "<group>";
		};
		DCE0BAE320BA35EC008604E5 /* todoey */ = {
			isa = PBXGroup;
			children = (
				DCE0BAE420BA35EC008604E5 /* AppDelegate.swift */,
				DCBB358520BCD45300ECA4F7 /* Controllers */,
				DCBB358420BCD42C00ECA4F7 /* Data Model */,
				DCBB358620BCD4AD00ECA4F7 /* Views */,
				DCBB358720BCD4D600ECA4F7 /* Supporting Files */,
				DCE0BAF020BA35EC008604E5 /* Info.plist */,
			);
			path = todoey;
			sourceTree = "<group>";
		};
/* End PBXGroup section */

/* Begin PBXNativeTarget section */
		DCE0BAE020BA35EC008604E5 /* todoey */ = {
			isa = PBXNativeTarget;
			buildConfigurationList = DCE0BAF320BA35EC008604E5 /* Build configuration list for PBXNativeTarget "todoey" */;
			buildPhases = (
				7A2919AB67FB58F66383A75B /* [CP] Check Pods Manifest.lock */,
				DCE0BADD20BA35EC008604E5 /* Sources */,
				DCE0BADE20BA35EC008604E5 /* Frameworks */,
				DCE0BADF20BA35EC008604E5 /* Resources */,
				6220ED045DC75C7EF7C57EB8 /* [CP] Embed Pods Frameworks */,
			);
			buildRules = (
			);
			dependencies = (
			);
			name = todoey;
			productName = todoey;
			productReference = DCE0BAE120BA35EC008604E5 /* todoey.app */;
			productType = "com.apple.product-type.application";
		};
/* End PBXNativeTarget section */

/* Begin PBXProject section */
		DCE0BAD920BA35EC008604E5 /* Project object */ = {
			isa = PBXProject;
			attributes = {
				LastSwiftUpdateCheck = 0920;
				LastUpgradeCheck = 0940;
				ORGANIZATIONNAME = "hadi alazmi";
				TargetAttributes = {
					DCE0BAE020BA35EC008604E5 = {
						CreatedOnToolsVersion = 9.2;
						ProvisioningStyle = Automatic;
					};
				};
			};
			buildConfigurationList = DCE0BADC20BA35EC008604E5 /* Build configuration list for PBXProject "todoey" */;
			compatibilityVersion = "Xcode 8.0";
			developmentRegion = en;
			hasScannedForEncodings = 0;
			knownRegions = (
				en,
				Base,
			);
			mainGroup = DCE0BAD820BA35EC008604E5;
			productRefGroup = DCE0BAE220BA35EC008604E5 /* Products */;
			projectDirPath = "";
			projectRoot = "";
			targets = (
				DCE0BAE020BA35EC008604E5 /* todoey */,
			);
		};
/* End PBXProject section */

/* Begin PBXResourcesBuildPhase section */
		DCE0BADF20BA35EC008604E5 /* Resources */ = {
			isa = PBXResourcesBuildPhase;
			buildActionMask = 2147483647;
			files = (
				DCE0BAEF20BA35EC008604E5 /* LaunchScreen.storyboard in Resources */,
				DCE0BAEC20BA35EC008604E5 /* Assets.xcassets in Resources */,
				DCE0BAEA20BA35EC008604E5 /* Main.storyboard in Resources */,
			);
			runOnlyForDeploymentPostprocessing = 0;
		};
/* End PBXResourcesBuildPhase section */

/* Begin PBXShellScriptBuildPhase section */
		6220ED045DC75C7EF7C57EB8 /* [CP] Embed Pods Frameworks */ = {
			isa = PBXShellScriptBuildPhase;
			buildActionMask = 2147483647;
			files = (
			);
			inputPaths = (
				"${SRCROOT}/Pods/Target Support Files/Pods-todoey/Pods-todoey-frameworks.sh",
				"${BUILT_PRODUCTS_DIR}/Realm/Realm.framework",
				"${BUILT_PRODUCTS_DIR}/RealmSwift/RealmSwift.framework",
			);
			name = "[CP] Embed Pods Frameworks";
			outputPaths = (
				"${TARGET_BUILD_DIR}/${FRAMEWORKS_FOLDER_PATH}/Realm.framework",
				"${TARGET_BUILD_DIR}/${FRAMEWORKS_FOLDER_PATH}/RealmSwift.framework",
			);
			runOnlyForDeploymentPostprocessing = 0;
			shellPath = /bin/sh;
			shellScript = "\"${SRCROOT}/Pods/Target Support Files/Pods-todoey/Pods-todoey-frameworks.sh\"\n";
			showEnvVarsInLog = 0;
		};
		7A2919AB67FB58F66383A75B /* [CP] Check Pods Manifest.lock */ = {
			isa = PBXShellScriptBuildPhase;
			buildActionMask = 2147483647;
			files = (
			);
			inputPaths = (
				"${PODS_PODFILE_DIR_PATH}/Podfile.lock",
				"${PODS_ROOT}/Manifest.lock",
			);
			name = "[CP] Check Pods Manifest.lock";
			outputPaths = (
				"$(DERIVED_FILE_DIR)/Pods-todoey-checkManifestLockResult.txt",
			);
			runOnlyForDeploymentPostprocessing = 0;
			shellPath = /bin/sh;
			shellScript = "diff \"${PODS_PODFILE_DIR_PATH}/Podfile.lock\" \"${PODS_ROOT}/Manifest.lock\" > /dev/null\nif [ $? != 0 ] ; then\n    # print error to STDERR\n    echo \"error: The sandbox is not in sync with the Podfile.lock. Run 'pod install' or update your CocoaPods installation.\" >&2\n    exit 1\nfi\n# This output is used by Xcode 'outputs' to avoid re-running this script phase.\necho \"SUCCESS\" > \"${SCRIPT_OUTPUT_FILE_0}\"\n";
			showEnvVarsInLog = 0;
		};
/* End PBXShellScriptBuildPhase section */

/* Begin PBXSourcesBuildPhase section */
		DCE0BADD20BA35EC008604E5 /* Sources */ = {
			isa = PBXSourcesBuildPhase;
			buildActionMask = 2147483647;
			files = (
				DCC8722E20FA263A00072F2D /* CategoryViewController.swift in Sources */,
				DCE0BAE720BA35EC008604E5 /* TodoListViewController.swift in Sources */,
				DC09663920CAC2350030EA1A /* DataModel.xcdatamodeld in Sources */,
				DCE0BAE520BA35EC008604E5 /* AppDelegate.swift in Sources */,
			);
			runOnlyForDeploymentPostprocessing = 0;
		};
/* End PBXSourcesBuildPhase section */

/* Begin PBXVariantGroup section */
		DCE0BAE820BA35EC008604E5 /* Main.storyboard */ = {
			isa = PBXVariantGroup;
			children = (
				DCE0BAE920BA35EC008604E5 /* Base */,
			);
			name = Main.storyboard;
			sourceTree = "<group>";
		};
		DCE0BAED20BA35EC008604E5 /* LaunchScreen.storyboard */ = {
			isa = PBXVariantGroup;
			children = (
				DCE0BAEE20BA35EC008604E5 /* Base */,
			);
			name = LaunchScreen.storyboard;
			sourceTree = "<group>";
		};
/* End PBXVariantGroup section */

/* Begin XCBuildConfiguration section */
		DCE0BAF120BA35EC008604E5 /* Debug */ = {
			isa = XCBuildConfiguration;
			buildSettings = {
				ALWAYS_SEARCH_USER_PATHS = NO;
				CLANG_ANALYZER_NONNULL = YES;
				CLANG_ANALYZER_NUMBER_OBJECT_CONVERSION = YES_AGGRESSIVE;
				CLANG_CXX_LANGUAGE_STANDARD = "gnu++14";
				CLANG_CXX_LIBRARY = "libc++";
				CLANG_ENABLE_MODULES = YES;
				CLANG_ENABLE_OBJC_ARC = YES;
				CLANG_WARN_BLOCK_CAPTURE_AUTORELEASING = YES;
				CLANG_WARN_BOOL_CONVERSION = YES;
				CLANG_WARN_COMMA = YES;
				CLANG_WARN_CONSTANT_CONVERSION = YES;
				CLANG_WARN_DEPRECATED_OBJC_IMPLEMENTATIONS = YES;
				CLANG_WARN_DIRECT_OBJC_ISA_USAGE = YES_ERROR;
				CLANG_WARN_DOCUMENTATION_COMMENTS = YES;
				CLANG_WARN_EMPTY_BODY = YES;
				CLANG_WARN_ENUM_CONVERSION = YES;
				CLANG_WARN_INFINITE_RECURSION = YES;
				CLANG_WARN_INT_CONVERSION = YES;
				CLANG_WARN_NON_LITERAL_NULL_CONVERSION = YES;
				CLANG_WARN_OBJC_IMPLICIT_RETAIN_SELF = YES;
				CLANG_WARN_OBJC_LITERAL_CONVERSION = YES;
				CLANG_WARN_OBJC_ROOT_CLASS = YES_ERROR;
				CLANG_WARN_RANGE_LOOP_ANALYSIS = YES;
				CLANG_WARN_STRICT_PROTOTYPES = YES;
				CLANG_WARN_SUSPICIOUS_MOVE = YES;
				CLANG_WARN_UNGUARDED_AVAILABILITY = YES_AGGRESSIVE;
				CLANG_WARN_UNREACHABLE_CODE = YES;
				CLANG_WARN__DUPLICATE_METHOD_MATCH = YES;
				CODE_SIGN_IDENTITY = "iPhone Developer";
				COPY_PHASE_STRIP = NO;
				DEBUG_INFORMATION_FORMAT = dwarf;
				ENABLE_STRICT_OBJC_MSGSEND = YES;
				ENABLE_TESTABILITY = YES;
				GCC_C_LANGUAGE_STANDARD = gnu11;
				GCC_DYNAMIC_NO_PIC = NO;
				GCC_NO_COMMON_BLOCKS = YES;
				GCC_OPTIMIZATION_LEVEL = 0;
				GCC_PREPROCESSOR_DEFINITIONS = (
					"DEBUG=1",
					"$(inherited)",
				);
				GCC_WARN_64_TO_32_BIT_CONVERSION = YES;
				GCC_WARN_ABOUT_RETURN_TYPE = YES_ERROR;
				GCC_WARN_UNDECLARED_SELECTOR = YES;
				GCC_WARN_UNINITIALIZED_AUTOS = YES_AGGRESSIVE;
				GCC_WARN_UNUSED_FUNCTION = YES;
				GCC_WARN_UNUSED_VARIABLE = YES;
				IPHONEOS_DEPLOYMENT_TARGET = 11.2;
				MTL_ENABLE_DEBUG_INFO = YES;
				ONLY_ACTIVE_ARCH = YES;
				SDKROOT = iphoneos;
				SWIFT_ACTIVE_COMPILATION_CONDITIONS = DEBUG;
				SWIFT_OPTIMIZATION_LEVEL = "-Onone";
			};
			name = Debug;
		};
		DCE0BAF220BA35EC008604E5 /* Release */ = {
			isa = XCBuildConfiguration;
			buildSettings = {
				ALWAYS_SEARCH_USER_PATHS = NO;
				CLANG_ANALYZER_NONNULL = YES;
				CLANG_ANALYZER_NUMBER_OBJECT_CONVERSION = YES_AGGRESSIVE;
				CLANG_CXX_LANGUAGE_STANDARD = "gnu++14";
				CLANG_CXX_LIBRARY = "libc++";
				CLANG_ENABLE_MODULES = YES;
				CLANG_ENABLE_OBJC_ARC = YES;
				CLANG_WARN_BLOCK_CAPTURE_AUTORELEASING = YES;
				CLANG_WARN_BOOL_CONVERSION = YES;
				CLANG_WARN_COMMA = YES;
				CLANG_WARN_CONSTANT_CONVERSION = YES;
				CLANG_WARN_DEPRECATED_OBJC_IMPLEMENTATIONS = YES;
				CLANG_WARN_DIRECT_OBJC_ISA_USAGE = YES_ERROR;
				CLANG_WARN_DOCUMENTATION_COMMENTS = YES;
				CLANG_WARN_EMPTY_BODY = YES;
				CLANG_WARN_ENUM_CONVERSION = YES;
				CLANG_WARN_INFINITE_RECURSION = YES;
				CLANG_WARN_INT_CONVERSION = YES;
				CLANG_WARN_NON_LITERAL_NULL_CONVERSION = YES;
				CLANG_WARN_OBJC_IMPLICIT_RETAIN_SELF = YES;
				CLANG_WARN_OBJC_LITERAL_CONVERSION = YES;
				CLANG_WARN_OBJC_ROOT_CLASS = YES_ERROR;
				CLANG_WARN_RANGE_LOOP_ANALYSIS = YES;
				CLANG_WARN_STRICT_PROTOTYPES = YES;
				CLANG_WARN_SUSPICIOUS_MOVE = YES;
				CLANG_WARN_UNGUARDED_AVAILABILITY = YES_AGGRESSIVE;
				CLANG_WARN_UNREACHABLE_CODE = YES;
				CLANG_WARN__DUPLICATE_METHOD_MATCH = YES;
				CODE_SIGN_IDENTITY = "iPhone Developer";
				COPY_PHASE_STRIP = NO;
				DEBUG_INFORMATION_FORMAT = "dwarf-with-dsym";
				ENABLE_NS_ASSERTIONS = NO;
				ENABLE_STRICT_OBJC_MSGSEND = YES;
				GCC_C_LANGUAGE_STANDARD = gnu11;
				GCC_NO_COMMON_BLOCKS = YES;
				GCC_WARN_64_TO_32_BIT_CONVERSION = YES;
				GCC_WARN_ABOUT_RETURN_TYPE = YES_ERROR;
				GCC_WARN_UNDECLARED_SELECTOR = YES;
				GCC_WARN_UNINITIALIZED_AUTOS = YES_AGGRESSIVE;
				GCC_WARN_UNUSED_FUNCTION = YES;
				GCC_WARN_UNUSED_VARIABLE = YES;
				IPHONEOS_DEPLOYMENT_TARGET = 11.2;
				MTL_ENABLE_DEBUG_INFO = NO;
				SDKROOT = iphoneos;
				SWIFT_OPTIMIZATION_LEVEL = "-Owholemodule";
				VALIDATE_PRODUCT = YES;
			};
			name = Release;
		};
		DCE0BAF420BA35EC008604E5 /* Debug */ = {
			isa = XCBuildConfiguration;
			baseConfigurationReference = 740121A93136A91B6008A1E3 /* Pods-todoey.debug.xcconfig */;
			buildSettings = {
				ASSETCATALOG_COMPILER_APPICON_NAME = AppIcon;
				CODE_SIGN_STYLE = Automatic;
				DEVELOPMENT_TEAM = ZHRDWQ5774;
				INFOPLIST_FILE = todoey/Info.plist;
				LD_RUNPATH_SEARCH_PATHS = "$(inherited) @executable_path/Frameworks";
				PRODUCT_BUNDLE_IDENTIFIER = com.starscardd.todoey;
				PRODUCT_NAME = "$(TARGET_NAME)";
				SWIFT_VERSION = 4.0;
				TARGETED_DEVICE_FAMILY = "1,2";
			};
			name = Debug;
		};
		DCE0BAF520BA35EC008604E5 /* Release */ = {
			isa = XCBuildConfiguration;
			baseConfigurationReference = 5B85F91C7CDA88F1C6928CEA /* Pods-todoey.release.xcconfig */;
			buildSettings = {
				ASSETCATALOG_COMPILER_APPICON_NAME = AppIcon;
				CODE_SIGN_STYLE = Automatic;
				DEVELOPMENT_TEAM = ZHRDWQ5774;
				INFOPLIST_FILE = todoey/Info.plist;
				LD_RUNPATH_SEARCH_PATHS = "$(inherited) @executable_path/Frameworks";
				PRODUCT_BUNDLE_IDENTIFIER = com.starscardd.todoey;
				PRODUCT_NAME = "$(TARGET_NAME)";
				SWIFT_VERSION = 4.0;
				TARGETED_DEVICE_FAMILY = "1,2";
			};
			name = Release;
		};
/* End XCBuildConfiguration section */

/* Begin XCConfigurationList section */
		DCE0BADC20BA35EC008604E5 /* Build configuration list for PBXProject "todoey" */ = {
			isa = XCConfigurationList;
			buildConfigurations = (
				DCE0BAF120BA35EC008604E5 /* Debug */,
				DCE0BAF220BA35EC008604E5 /* Release */,
			);
			defaultConfigurationIsVisible = 0;
			defaultConfigurationName = Release;
		};
		DCE0BAF320BA35EC008604E5 /* Build configuration list for PBXNativeTarget "todoey" */ = {
			isa = XCConfigurationList;
			buildConfigurations = (
				DCE0BAF420BA35EC008604E5 /* Debug */,
				DCE0BAF520BA35EC008604E5 /* Release */,
			);
			defaultConfigurationIsVisible = 0;
			defaultConfigurationName = Release;
		};
/* End XCConfigurationList section */

/* Begin XCVersionGroup section */
		DC09663720CAC2350030EA1A /* DataModel.xcdatamodeld */ = {
			isa = XCVersionGroup;
			children = (
				DC09663820CAC2350030EA1A /* DataModel.xcdatamodel */,
			);
			currentVersion = DC09663820CAC2350030EA1A /* DataModel.xcdatamodel */;
			path = DataModel.xcdatamodeld;
			sourceTree = "<group>";
			versionGroupType = wrapper.xcdatamodel;
		};
/* End XCVersionGroup section */
	};
	rootObject = DCE0BAD920BA35EC008604E5 /* Project object */;
}
